
Microsoft Visual Studio Solution File, Format Version 12.00
# Visual Studio Version 17
VisualStudioVersion = 17.4.33213.308
MinimumVisualStudioVersion = 10.0.40219.1
Project("{FAE04EC0-301F-11D3-BF4B-00C04F79EFBC}") = "Task_3", "Task_3.csproj", "{F76361DE-75D9-4BDF-B699-22ABAC344126}"
EndProject
Global
	GlobalSection(SolutionConfigurationPlatforms) = preSolution
		Debug|Any CPU = Debug|Any CPU
		Release|Any CPU = Release|Any CPU
	EndGlobalSection
	GlobalSection(ProjectConfigurationPlatforms) = postSolution
		{F76361DE-75D9-4BDF-B699-22ABAC344126}.Debug|Any CPU.ActiveCfg = Debug|Any CPU
		{F76361DE-75D9-4BDF-B699-22ABAC344126}.Debug|Any CPU.Build.0 = Debug|Any CPU
		{F76361DE-75D9-4BDF-B699-22ABAC344126}.Release|Any CPU.ActiveCfg = Release|Any CPU
		{F76361DE-75D9-4BDF-B699-22ABAC344126}.Release|Any CPU.Build.0 = Release|Any CPU
	EndGlobalSection
	GlobalSection(SolutionProperties) = preSolution
		HideSolutionNode = FALSE
	EndGlobalSection
	GlobalSection(ExtensibilityGlobals) = postSolution
		SolutionGuid = {8C61703E-1EB8-49B5-9F94-2F41487B8735}
	EndGlobalSection
EndGlobal
