
Microsoft Visual Studio Solution File, Format Version 12.00
# Visual Studio Version 17
VisualStudioVersion = 17.5.33627.172
MinimumVisualStudioVersion = 10.0.40219.1
Project("{9A19103F-16F7-4668-BE54-9A1E7A4F7556}") = "CrossRoads", "CrossRoads.csproj", "{2FDE6EAE-0E77-42FF-BDA2-4D5F88C3A79E}"
EndProject
Global
	GlobalSection(SolutionConfigurationPlatforms) = preSolution
		Debug|Any CPU = Debug|Any CPU
		Release|Any CPU = Release|Any CPU
	EndGlobalSection
	GlobalSection(ProjectConfigurationPlatforms) = postSolution
		{2FDE6EAE-0E77-42FF-BDA2-4D5F88C3A79E}.Debug|Any CPU.ActiveCfg = Debug|Any CPU
		{2FDE6EAE-0E77-42FF-BDA2-4D5F88C3A79E}.Debug|Any CPU.Build.0 = Debug|Any CPU
		{2FDE6EAE-0E77-42FF-BDA2-4D5F88C3A79E}.Release|Any CPU.ActiveCfg = Release|Any CPU
		{2FDE6EAE-0E77-42FF-BDA2-4D5F88C3A79E}.Release|Any CPU.Build.0 = Release|Any CPU
	EndGlobalSection
	GlobalSection(SolutionProperties) = preSolution
		HideSolutionNode = FALSE
	EndGlobalSection
	GlobalSection(ExtensibilityGlobals) = postSolution
		SolutionGuid = {1AEBC79A-670F-4282-88BF-8AEEC102F92B}
	EndGlobalSection
EndGlobal
